
Microsoft Visual Studio Solution File, Format Version 12.00
# Visual Studio Version 17
VisualStudioVersion = 17.6.33706.43
MinimumVisualStudioVersion = 10.0.40219.1
Project("{9A19103F-16F7-4668-BE54-9A1E7A4F7556}") = "CSharpInterview", "CSharpInterview\CSharpInterview.csproj", "{42D280C8-64B5-4B04-8330-DC92A76956E6}"
EndProject
Project("{2150E333-8FDC-42A3-9474-1A3956D46DE8}") = "DesignPattern", "DesignPattern", "{F1C6E4E1-6187-4207-8165-9D20D44D3BF9}"
EndProject
Project("{9A19103F-16F7-4668-BE54-9A1E7A4F7556}") = "Bridge", "Bridge\Bridge.csproj", "{AF27062D-7A51-43A2-92C4-49D2F787F8F1}"
EndProject
Project("{9A19103F-16F7-4668-BE54-9A1E7A4F7556}") = "Builder", "Builder\Builder.csproj", "{EE360907-A4EB-4F5E-9C91-7E06D901C47A}"
EndProject
Project("{2150E333-8FDC-42A3-9474-1A3956D46DE8}") = "SOLID", "SOLID", "{1D91269B-A993-4D28-8ED6-CE21587FD5E2}"
EndProject
Project("{9A19103F-16F7-4668-BE54-9A1E7A4F7556}") = "SRP", "SRP\SRP.csproj", "{01A4525E-7596-4727-AD64-84E067B71D5F}"
EndProject
Project("{2150E333-8FDC-42A3-9474-1A3956D46DE8}") = "MultiThreading", "MultiThreading", "{7B91422D-0FEF-4AEE-A5E3-4B97D3942339}"
EndProject
Project("{9A19103F-16F7-4668-BE54-9A1E7A4F7556}") = "MultiThreading", "MultiThreading\MultiThreading.csproj", "{CBE27446-876D-4AE7-9E0F-BE9F7A10C0FC}"
EndProject
Project("{2150E333-8FDC-42A3-9474-1A3956D46DE8}") = "Creational", "Creational", "{1F909F6D-5EDD-4B04-B747-6BC0FDD2751B}"
EndProject
Project("{2150E333-8FDC-42A3-9474-1A3956D46DE8}") = "Structural", "Structural", "{62B762BB-B828-4DAA-B719-8F8638647595}"
EndProject
Project("{2150E333-8FDC-42A3-9474-1A3956D46DE8}") = "Behavioural", "Behavioural", "{5C192317-9885-4DD9-AAF6-1C0C20971F4D}"
EndProject
Project("{2150E333-8FDC-42A3-9474-1A3956D46DE8}") = "FactoryPattern", "FactoryPattern", "{CA484A99-9996-45C7-815A-F14310A5C3DE}"
EndProject
Project("{2150E333-8FDC-42A3-9474-1A3956D46DE8}") = "SimpleFactory", "SimpleFactory", "{BC37B149-00B1-4BA5-907F-074DC03542DB}"
EndProject
Project("{2150E333-8FDC-42A3-9474-1A3956D46DE8}") = "FactoryMethod", "FactoryMethod", "{1E739388-B91E-42DB-9FA8-DBCA456FE7E2}"
EndProject
Project("{2150E333-8FDC-42A3-9474-1A3956D46DE8}") = "AbstractFactory", "AbstractFactory", "{86AF7D3A-4C8C-435A-8080-2C73D5FD33E8}"
EndProject
Project("{9A19103F-16F7-4668-BE54-9A1E7A4F7556}") = "SimpleFactory", "SimpleFactory\SimpleFactory.csproj", "{21170B3C-E2CE-42F8-8EE9-529DF8E9003B}"
EndProject
Project("{9A19103F-16F7-4668-BE54-9A1E7A4F7556}") = "FactoryMethod", "FactoryMethod\FactoryMethod.csproj", "{58EF0810-7959-4F7E-8CA1-524FF909C555}"
EndProject
Project("{9A19103F-16F7-4668-BE54-9A1E7A4F7556}") = "AbstractFactory", "AbstractFactory\AbstractFactory.csproj", "{3AB2D41B-8099-422E-944C-0BCBA744C59A}"
EndProject
Project("{9A19103F-16F7-4668-BE54-9A1E7A4F7556}") = "TestProject", "TestProject\TestProject.csproj", "{9E6800BC-A532-410E-8BAA-FEE9223F4F72}"
EndProject
Project("{2150E333-8FDC-42A3-9474-1A3956D46DE8}") = "Linq", "Linq", "{13439818-005D-4DF6-8343-577A53E6F003}"
	ProjectSection(SolutionItems) = preProject
		LinqExmp1.cs = LinqExmp1.cs
	EndProjectSection
EndProject
Project("{9A19103F-16F7-4668-BE54-9A1E7A4F7556}") = "LinqExample", "LinqExample\LinqExample.csproj", "{97515DBE-B3FC-4C67-8C2E-FC8DFBA68115}"
EndProject
Project("{2150E333-8FDC-42A3-9474-1A3956D46DE8}") = "Builder", "Builder", "{4AC8F0F2-D90E-47FC-B06B-334D64A8A750}"
EndProject
Global
	GlobalSection(SolutionConfigurationPlatforms) = preSolution
		Debug|Any CPU = Debug|Any CPU
		Release|Any CPU = Release|Any CPU
	EndGlobalSection
	GlobalSection(ProjectConfigurationPlatforms) = postSolution
		{42D280C8-64B5-4B04-8330-DC92A76956E6}.Debug|Any CPU.ActiveCfg = Debug|Any CPU
		{42D280C8-64B5-4B04-8330-DC92A76956E6}.Debug|Any CPU.Build.0 = Debug|Any CPU
		{42D280C8-64B5-4B04-8330-DC92A76956E6}.Release|Any CPU.ActiveCfg = Release|Any CPU
		{42D280C8-64B5-4B04-8330-DC92A76956E6}.Release|Any CPU.Build.0 = Release|Any CPU
		{AF27062D-7A51-43A2-92C4-49D2F787F8F1}.Debug|Any CPU.ActiveCfg = Debug|Any CPU
		{AF27062D-7A51-43A2-92C4-49D2F787F8F1}.Debug|Any CPU.Build.0 = Debug|Any CPU
		{AF27062D-7A51-43A2-92C4-49D2F787F8F1}.Release|Any CPU.ActiveCfg = Release|Any CPU
		{AF27062D-7A51-43A2-92C4-49D2F787F8F1}.Release|Any CPU.Build.0 = Release|Any CPU
		{EE360907-A4EB-4F5E-9C91-7E06D901C47A}.Debug|Any CPU.ActiveCfg = Debug|Any CPU
		{EE360907-A4EB-4F5E-9C91-7E06D901C47A}.Debug|Any CPU.Build.0 = Debug|Any CPU
		{EE360907-A4EB-4F5E-9C91-7E06D901C47A}.Release|Any CPU.ActiveCfg = Release|Any CPU
		{EE360907-A4EB-4F5E-9C91-7E06D901C47A}.Release|Any CPU.Build.0 = Release|Any CPU
		{01A4525E-7596-4727-AD64-84E067B71D5F}.Debug|Any CPU.ActiveCfg = Debug|Any CPU
		{01A4525E-7596-4727-AD64-84E067B71D5F}.Debug|Any CPU.Build.0 = Debug|Any CPU
		{01A4525E-7596-4727-AD64-84E067B71D5F}.Release|Any CPU.ActiveCfg = Release|Any CPU
		{01A4525E-7596-4727-AD64-84E067B71D5F}.Release|Any CPU.Build.0 = Release|Any CPU
		{CBE27446-876D-4AE7-9E0F-BE9F7A10C0FC}.Debug|Any CPU.ActiveCfg = Debug|Any CPU
		{CBE27446-876D-4AE7-9E0F-BE9F7A10C0FC}.Debug|Any CPU.Build.0 = Debug|Any CPU
		{CBE27446-876D-4AE7-9E0F-BE9F7A10C0FC}.Release|Any CPU.ActiveCfg = Release|Any CPU
		{CBE27446-876D-4AE7-9E0F-BE9F7A10C0FC}.Release|Any CPU.Build.0 = Release|Any CPU
		{21170B3C-E2CE-42F8-8EE9-529DF8E9003B}.Debug|Any CPU.ActiveCfg = Debug|Any CPU
		{21170B3C-E2CE-42F8-8EE9-529DF8E9003B}.Debug|Any CPU.Build.0 = Debug|Any CPU
		{21170B3C-E2CE-42F8-8EE9-529DF8E9003B}.Release|Any CPU.ActiveCfg = Release|Any CPU
		{21170B3C-E2CE-42F8-8EE9-529DF8E9003B}.Release|Any CPU.Build.0 = Release|Any CPU
		{58EF0810-7959-4F7E-8CA1-524FF909C555}.Debug|Any CPU.ActiveCfg = Debug|Any CPU
		{58EF0810-7959-4F7E-8CA1-524FF909C555}.Debug|Any CPU.Build.0 = Debug|Any CPU
		{58EF0810-7959-4F7E-8CA1-524FF909C555}.Release|Any CPU.ActiveCfg = Release|Any CPU
		{58EF0810-7959-4F7E-8CA1-524FF909C555}.Release|Any CPU.Build.0 = Release|Any CPU
		{3AB2D41B-8099-422E-944C-0BCBA744C59A}.Debug|Any CPU.ActiveCfg = Debug|Any CPU
		{3AB2D41B-8099-422E-944C-0BCBA744C59A}.Debug|Any CPU.Build.0 = Debug|Any CPU
		{3AB2D41B-8099-422E-944C-0BCBA744C59A}.Release|Any CPU.ActiveCfg = Release|Any CPU
		{3AB2D41B-8099-422E-944C-0BCBA744C59A}.Release|Any CPU.Build.0 = Release|Any CPU
		{9E6800BC-A532-410E-8BAA-FEE9223F4F72}.Debug|Any CPU.ActiveCfg = Debug|Any CPU
		{9E6800BC-A532-410E-8BAA-FEE9223F4F72}.Debug|Any CPU.Build.0 = Debug|Any CPU
		{9E6800BC-A532-410E-8BAA-FEE9223F4F72}.Release|Any CPU.ActiveCfg = Release|Any CPU
		{9E6800BC-A532-410E-8BAA-FEE9223F4F72}.Release|Any CPU.Build.0 = Release|Any CPU
		{97515DBE-B3FC-4C67-8C2E-FC8DFBA68115}.Debug|Any CPU.ActiveCfg = Debug|Any CPU
		{97515DBE-B3FC-4C67-8C2E-FC8DFBA68115}.Debug|Any CPU.Build.0 = Debug|Any CPU
		{97515DBE-B3FC-4C67-8C2E-FC8DFBA68115}.Release|Any CPU.ActiveCfg = Release|Any CPU
		{97515DBE-B3FC-4C67-8C2E-FC8DFBA68115}.Release|Any CPU.Build.0 = Release|Any CPU
	EndGlobalSection
	GlobalSection(SolutionProperties) = preSolution
		HideSolutionNode = FALSE
	EndGlobalSection
	GlobalSection(NestedProjects) = preSolution
		{AF27062D-7A51-43A2-92C4-49D2F787F8F1} = {F1C6E4E1-6187-4207-8165-9D20D44D3BF9}
		{EE360907-A4EB-4F5E-9C91-7E06D901C47A} = {F1C6E4E1-6187-4207-8165-9D20D44D3BF9}
		{01A4525E-7596-4727-AD64-84E067B71D5F} = {1D91269B-A993-4D28-8ED6-CE21587FD5E2}
		{CBE27446-876D-4AE7-9E0F-BE9F7A10C0FC} = {7B91422D-0FEF-4AEE-A5E3-4B97D3942339}
		{1F909F6D-5EDD-4B04-B747-6BC0FDD2751B} = {F1C6E4E1-6187-4207-8165-9D20D44D3BF9}
		{62B762BB-B828-4DAA-B719-8F8638647595} = {F1C6E4E1-6187-4207-8165-9D20D44D3BF9}
		{5C192317-9885-4DD9-AAF6-1C0C20971F4D} = {F1C6E4E1-6187-4207-8165-9D20D44D3BF9}
		{CA484A99-9996-45C7-815A-F14310A5C3DE} = {1F909F6D-5EDD-4B04-B747-6BC0FDD2751B}
		{BC37B149-00B1-4BA5-907F-074DC03542DB} = {CA484A99-9996-45C7-815A-F14310A5C3DE}
		{1E739388-B91E-42DB-9FA8-DBCA456FE7E2} = {CA484A99-9996-45C7-815A-F14310A5C3DE}
		{86AF7D3A-4C8C-435A-8080-2C73D5FD33E8} = {CA484A99-9996-45C7-815A-F14310A5C3DE}
		{21170B3C-E2CE-42F8-8EE9-529DF8E9003B} = {BC37B149-00B1-4BA5-907F-074DC03542DB}
		{58EF0810-7959-4F7E-8CA1-524FF909C555} = {1E739388-B91E-42DB-9FA8-DBCA456FE7E2}
		{3AB2D41B-8099-422E-944C-0BCBA744C59A} = {86AF7D3A-4C8C-435A-8080-2C73D5FD33E8}
		{97515DBE-B3FC-4C67-8C2E-FC8DFBA68115} = {13439818-005D-4DF6-8343-577A53E6F003}
		{4AC8F0F2-D90E-47FC-B06B-334D64A8A750} = {1F909F6D-5EDD-4B04-B747-6BC0FDD2751B}
	EndGlobalSection
	GlobalSection(ExtensibilityGlobals) = postSolution
		SolutionGuid = {D395AFDE-7738-4BED-A67D-6E796254E0AC}
	EndGlobalSection
EndGlobal
